
Microsoft Visual Studio Solution File, Format Version 12.00
# Visual Studio Version 16
VisualStudioVersion = 16.0.30503.244
MinimumVisualStudioVersion = 10.0.40219.1
Project("{9A19103F-16F7-4668-BE54-9A1E7A4F7556}") = "Lab01", "Lab01\Lab01.csproj", "{F148A19D-BCAD-430E-9360-5CE04D4C20D0}"
EndProject
Project("{FAE04EC0-301F-11D3-BF4B-00C04F79EFBC}") = "Lab03", "Lab03\Lab03.csproj", "{E274D112-508E-445E-9523-EB2305179AA5}"
EndProject
Project("{FAE04EC0-301F-11D3-BF4B-00C04F79EFBC}") = "Lab04", "Lab04\Lab04.csproj", "{6FDD611F-33FB-4153-BFD4-2AB4F3095B3D}"
EndProject
Project("{FAE04EC0-301F-11D3-BF4B-00C04F79EFBC}") = "Lab05", "Lab05\Lab05.csproj", "{5453C397-CE22-46AA-AE1B-2EFA8F5511DF}"
EndProject
Project("{FAE04EC0-301F-11D3-BF4B-00C04F79EFBC}") = "Lab09", "Lab09\Lab09.csproj", "{F6861CF7-F352-4064-BF61-018C9C6366BD}"
EndProject
Global
	GlobalSection(SolutionConfigurationPlatforms) = preSolution
		Debug|Any CPU = Debug|Any CPU
		Release|Any CPU = Release|Any CPU
	EndGlobalSection
	GlobalSection(ProjectConfigurationPlatforms) = postSolution
		{F148A19D-BCAD-430E-9360-5CE04D4C20D0}.Debug|Any CPU.ActiveCfg = Debug|Any CPU
		{F148A19D-BCAD-430E-9360-5CE04D4C20D0}.Debug|Any CPU.Build.0 = Debug|Any CPU
		{F148A19D-BCAD-430E-9360-5CE04D4C20D0}.Release|Any CPU.ActiveCfg = Release|Any CPU
		{F148A19D-BCAD-430E-9360-5CE04D4C20D0}.Release|Any CPU.Build.0 = Release|Any CPU
		{E274D112-508E-445E-9523-EB2305179AA5}.Debug|Any CPU.ActiveCfg = Debug|Any CPU
		{E274D112-508E-445E-9523-EB2305179AA5}.Debug|Any CPU.Build.0 = Debug|Any CPU
		{E274D112-508E-445E-9523-EB2305179AA5}.Release|Any CPU.ActiveCfg = Release|Any CPU
		{E274D112-508E-445E-9523-EB2305179AA5}.Release|Any CPU.Build.0 = Release|Any CPU
		{6FDD611F-33FB-4153-BFD4-2AB4F3095B3D}.Debug|Any CPU.ActiveCfg = Debug|Any CPU
		{6FDD611F-33FB-4153-BFD4-2AB4F3095B3D}.Debug|Any CPU.Build.0 = Debug|Any CPU
		{6FDD611F-33FB-4153-BFD4-2AB4F3095B3D}.Release|Any CPU.ActiveCfg = Release|Any CPU
		{6FDD611F-33FB-4153-BFD4-2AB4F3095B3D}.Release|Any CPU.Build.0 = Release|Any CPU
		{5453C397-CE22-46AA-AE1B-2EFA8F5511DF}.Debug|Any CPU.ActiveCfg = Debug|Any CPU
		{5453C397-CE22-46AA-AE1B-2EFA8F5511DF}.Debug|Any CPU.Build.0 = Debug|Any CPU
		{5453C397-CE22-46AA-AE1B-2EFA8F5511DF}.Release|Any CPU.ActiveCfg = Release|Any CPU
		{5453C397-CE22-46AA-AE1B-2EFA8F5511DF}.Release|Any CPU.Build.0 = Release|Any CPU
		{F6861CF7-F352-4064-BF61-018C9C6366BD}.Debug|Any CPU.ActiveCfg = Debug|Any CPU
		{F6861CF7-F352-4064-BF61-018C9C6366BD}.Debug|Any CPU.Build.0 = Debug|Any CPU
		{F6861CF7-F352-4064-BF61-018C9C6366BD}.Release|Any CPU.ActiveCfg = Release|Any CPU
		{F6861CF7-F352-4064-BF61-018C9C6366BD}.Release|Any CPU.Build.0 = Release|Any CPU
	EndGlobalSection
	GlobalSection(SolutionProperties) = preSolution
		HideSolutionNode = FALSE
	EndGlobalSection
	GlobalSection(ExtensibilityGlobals) = postSolution
		SolutionGuid = {397C3EDB-D8A5-4000-9BC1-58563A08F753}
	EndGlobalSection
EndGlobal
